
Microsoft Visual Studio Solution File, Format Version 12.00
# Visual Studio Version 17
VisualStudioVersion = 17.8.34330.188
MinimumVisualStudioVersion = 10.0.40219.1
Project("{9A19103F-16F7-4668-BE54-9A1E7A4F7556}") = "KSNES.UI", "KSNES.UI.csproj", "{AF776312-F2F4-46D7-ADA7-2AD2DE729EFE}"
EndProject
Project("{9A19103F-16F7-4668-BE54-9A1E7A4F7556}") = "KSNES", "..\KSNES\KSNES.csproj", "{7E9F1FFE-7E79-4016-B764-FE70202C16D9}"
EndProject
Global
	GlobalSection(SolutionConfigurationPlatforms) = preSolution
		Debug|Any CPU = Debug|Any CPU
		Release|Any CPU = Release|Any CPU
	EndGlobalSection
	GlobalSection(ProjectConfigurationPlatforms) = postSolution
		{AF776312-F2F4-46D7-ADA7-2AD2DE729EFE}.Debug|Any CPU.ActiveCfg = Debug|Any CPU
		{AF776312-F2F4-46D7-ADA7-2AD2DE729EFE}.Debug|Any CPU.Build.0 = Debug|Any CPU
		{AF776312-F2F4-46D7-ADA7-2AD2DE729EFE}.Release|Any CPU.ActiveCfg = Release|Any CPU
		{AF776312-F2F4-46D7-ADA7-2AD2DE729EFE}.Release|Any CPU.Build.0 = Release|Any CPU
		{7E9F1FFE-7E79-4016-B764-FE70202C16D9}.Debug|Any CPU.ActiveCfg = Debug|Any CPU
		{7E9F1FFE-7E79-4016-B764-FE70202C16D9}.Debug|Any CPU.Build.0 = Debug|Any CPU
		{7E9F1FFE-7E79-4016-B764-FE70202C16D9}.Release|Any CPU.ActiveCfg = Release|Any CPU
		{7E9F1FFE-7E79-4016-B764-FE70202C16D9}.Release|Any CPU.Build.0 = Release|Any CPU
	EndGlobalSection
	GlobalSection(SolutionProperties) = preSolution
		HideSolutionNode = FALSE
	EndGlobalSection
	GlobalSection(ExtensibilityGlobals) = postSolution
		SolutionGuid = {B413E4D0-42E0-43CA-85F4-0985FE4BC8CA}
	EndGlobalSection
EndGlobal
